
Microsoft Visual Studio Solution File, Format Version 12.00
# Visual Studio Version 17
VisualStudioVersion = 17.3.32825.248
MinimumVisualStudioVersion = 10.0.40219.1
Project("{FAE04EC0-301F-11D3-BF4B-00C04F79EFBC}") = "VoiCoffee.Android", "VoiCoffee\VoiCoffee.Android\VoiCoffee.Android.csproj", "{2101FA22-0887-43D9-93C5-23223C27C643}"
EndProject
Project("{FAE04EC0-301F-11D3-BF4B-00C04F79EFBC}") = "VoiCoffee.iOS", "VoiCoffee\VoiCoffee.iOS\VoiCoffee.iOS.csproj", "{80B41A1A-A789-4F29-A0AF-25FC0E7816E2}"
EndProject
Project("{FAE04EC0-301F-11D3-BF4B-00C04F79EFBC}") = "VoiCoffee", "VoiCoffee\VoiCoffee\VoiCoffee.csproj", "{AC6AF274-31C5-4D48-8420-B38426CC424C}"
EndProject
Global
	GlobalSection(SolutionConfigurationPlatforms) = preSolution
		Debug|Any CPU = Debug|Any CPU
		Debug|iPhone = Debug|iPhone
		Debug|iPhoneSimulator = Debug|iPhoneSimulator
		Release|Any CPU = Release|Any CPU
		Release|iPhone = Release|iPhone
		Release|iPhoneSimulator = Release|iPhoneSimulator
	EndGlobalSection
	GlobalSection(ProjectConfigurationPlatforms) = postSolution
		{2101FA22-0887-43D9-93C5-23223C27C643}.Debug|Any CPU.ActiveCfg = Debug|Any CPU
		{2101FA22-0887-43D9-93C5-23223C27C643}.Debug|Any CPU.Build.0 = Debug|Any CPU
		{2101FA22-0887-43D9-93C5-23223C27C643}.Debug|Any CPU.Deploy.0 = Debug|Any CPU
		{2101FA22-0887-43D9-93C5-23223C27C643}.Debug|iPhone.ActiveCfg = Debug|Any CPU
		{2101FA22-0887-43D9-93C5-23223C27C643}.Debug|iPhone.Build.0 = Debug|Any CPU
		{2101FA22-0887-43D9-93C5-23223C27C643}.Debug|iPhone.Deploy.0 = Debug|Any CPU
		{2101FA22-0887-43D9-93C5-23223C27C643}.Debug|iPhoneSimulator.ActiveCfg = Debug|Any CPU
		{2101FA22-0887-43D9-93C5-23223C27C643}.Debug|iPhoneSimulator.Build.0 = Debug|Any CPU
		{2101FA22-0887-43D9-93C5-23223C27C643}.Debug|iPhoneSimulator.Deploy.0 = Debug|Any CPU
		{2101FA22-0887-43D9-93C5-23223C27C643}.Release|Any CPU.ActiveCfg = Release|Any CPU
		{2101FA22-0887-43D9-93C5-23223C27C643}.Release|Any CPU.Build.0 = Release|Any CPU
		{2101FA22-0887-43D9-93C5-23223C27C643}.Release|Any CPU.Deploy.0 = Release|Any CPU
		{2101FA22-0887-43D9-93C5-23223C27C643}.Release|iPhone.ActiveCfg = Release|Any CPU
		{2101FA22-0887-43D9-93C5-23223C27C643}.Release|iPhone.Build.0 = Release|Any CPU
		{2101FA22-0887-43D9-93C5-23223C27C643}.Release|iPhone.Deploy.0 = Release|Any CPU
		{2101FA22-0887-43D9-93C5-23223C27C643}.Release|iPhoneSimulator.ActiveCfg = Release|Any CPU
		{2101FA22-0887-43D9-93C5-23223C27C643}.Release|iPhoneSimulator.Build.0 = Release|Any CPU
		{2101FA22-0887-43D9-93C5-23223C27C643}.Release|iPhoneSimulator.Deploy.0 = Release|Any CPU
		{80B41A1A-A789-4F29-A0AF-25FC0E7816E2}.Debug|Any CPU.ActiveCfg = Debug|iPhone
		{80B41A1A-A789-4F29-A0AF-25FC0E7816E2}.Debug|Any CPU.Build.0 = Debug|iPhone
		{80B41A1A-A789-4F29-A0AF-25FC0E7816E2}.Debug|Any CPU.Deploy.0 = Debug|iPhone
		{80B41A1A-A789-4F29-A0AF-25FC0E7816E2}.Debug|iPhone.ActiveCfg = Debug|iPhone
		{80B41A1A-A789-4F29-A0AF-25FC0E7816E2}.Debug|iPhone.Build.0 = Debug|iPhone
		{80B41A1A-A789-4F29-A0AF-25FC0E7816E2}.Debug|iPhone.Deploy.0 = Debug|iPhone
		{80B41A1A-A789-4F29-A0AF-25FC0E7816E2}.Debug|iPhoneSimulator.ActiveCfg = Debug|iPhoneSimulator
		{80B41A1A-A789-4F29-A0AF-25FC0E7816E2}.Debug|iPhoneSimulator.Build.0 = Debug|iPhoneSimulator
		{80B41A1A-A789-4F29-A0AF-25FC0E7816E2}.Debug|iPhoneSimulator.Deploy.0 = Debug|iPhoneSimulator
		{80B41A1A-A789-4F29-A0AF-25FC0E7816E2}.Release|Any CPU.ActiveCfg = Release|iPhoneSimulator
		{80B41A1A-A789-4F29-A0AF-25FC0E7816E2}.Release|Any CPU.Build.0 = Release|iPhoneSimulator
		{80B41A1A-A789-4F29-A0AF-25FC0E7816E2}.Release|Any CPU.Deploy.0 = Release|iPhoneSimulator
		{80B41A1A-A789-4F29-A0AF-25FC0E7816E2}.Release|iPhone.ActiveCfg = Release|iPhone
		{80B41A1A-A789-4F29-A0AF-25FC0E7816E2}.Release|iPhone.Build.0 = Release|iPhone
		{80B41A1A-A789-4F29-A0AF-25FC0E7816E2}.Release|iPhone.Deploy.0 = Release|iPhone
		{80B41A1A-A789-4F29-A0AF-25FC0E7816E2}.Release|iPhoneSimulator.ActiveCfg = Release|iPhoneSimulator
		{80B41A1A-A789-4F29-A0AF-25FC0E7816E2}.Release|iPhoneSimulator.Build.0 = Release|iPhoneSimulator
		{80B41A1A-A789-4F29-A0AF-25FC0E7816E2}.Release|iPhoneSimulator.Deploy.0 = Release|iPhoneSimulator
		{AC6AF274-31C5-4D48-8420-B38426CC424C}.Debug|Any CPU.ActiveCfg = Debug|Any CPU
		{AC6AF274-31C5-4D48-8420-B38426CC424C}.Debug|Any CPU.Build.0 = Debug|Any CPU
		{AC6AF274-31C5-4D48-8420-B38426CC424C}.Debug|Any CPU.Deploy.0 = Debug|Any CPU
		{AC6AF274-31C5-4D48-8420-B38426CC424C}.Debug|iPhone.ActiveCfg = Debug|Any CPU
		{AC6AF274-31C5-4D48-8420-B38426CC424C}.Debug|iPhone.Build.0 = Debug|Any CPU
		{AC6AF274-31C5-4D48-8420-B38426CC424C}.Debug|iPhone.Deploy.0 = Debug|Any CPU
		{AC6AF274-31C5-4D48-8420-B38426CC424C}.Debug|iPhoneSimulator.ActiveCfg = Debug|Any CPU
		{AC6AF274-31C5-4D48-8420-B38426CC424C}.Debug|iPhoneSimulator.Build.0 = Debug|Any CPU
		{AC6AF274-31C5-4D48-8420-B38426CC424C}.Debug|iPhoneSimulator.Deploy.0 = Debug|Any CPU
		{AC6AF274-31C5-4D48-8420-B38426CC424C}.Release|Any CPU.ActiveCfg = Release|Any CPU
		{AC6AF274-31C5-4D48-8420-B38426CC424C}.Release|Any CPU.Build.0 = Release|Any CPU
		{AC6AF274-31C5-4D48-8420-B38426CC424C}.Release|Any CPU.Deploy.0 = Release|Any CPU
		{AC6AF274-31C5-4D48-8420-B38426CC424C}.Release|iPhone.ActiveCfg = Release|Any CPU
		{AC6AF274-31C5-4D48-8420-B38426CC424C}.Release|iPhone.Build.0 = Release|Any CPU
		{AC6AF274-31C5-4D48-8420-B38426CC424C}.Release|iPhone.Deploy.0 = Release|Any CPU
		{AC6AF274-31C5-4D48-8420-B38426CC424C}.Release|iPhoneSimulator.ActiveCfg = Release|Any CPU
		{AC6AF274-31C5-4D48-8420-B38426CC424C}.Release|iPhoneSimulator.Build.0 = Release|Any CPU
		{AC6AF274-31C5-4D48-8420-B38426CC424C}.Release|iPhoneSimulator.Deploy.0 = Release|Any CPU
	EndGlobalSection
	GlobalSection(SolutionProperties) = preSolution
		HideSolutionNode = FALSE
	EndGlobalSection
	GlobalSection(ExtensibilityGlobals) = postSolution
		SolutionGuid = {1383F02C-6BE0-47AC-882C-4D1F2B57D4C8}
	EndGlobalSection
EndGlobal
